
Microsoft Visual Studio Solution File, Format Version 12.00
# Visual Studio 14
VisualStudioVersion = 14.0.23107.0
MinimumVisualStudioVersion = 10.0.40219.1
Project("{FAE04EC0-301F-11D3-BF4B-00C04F79EFBC}") = "Niteco.Web", "Niteco.Web\Niteco.Web.csproj", "{F00857F3-4A0E-4050-AD33-ACF6AAF5369A}"
	ProjectSection(ProjectDependencies) = postProject
		{415D5E0F-7F53-4722-930D-487963225904} = {415D5E0F-7F53-4722-930D-487963225904}
		{52E0A232-1593-480E-BA08-DCD10FFD07A9} = {52E0A232-1593-480E-BA08-DCD10FFD07A9}
		{A679FB5B-C91C-451A-A28A-5DFF85411CF3} = {A679FB5B-C91C-451A-A28A-5DFF85411CF3}
		{C0ED596B-53DF-4BFF-9643-C4C5E7626993} = {C0ED596B-53DF-4BFF-9643-C4C5E7626993}
		{FA5EF673-A6A4-498D-AA24-C025CC5267AF} = {FA5EF673-A6A4-498D-AA24-C025CC5267AF}
		{16D6FBA2-9CFB-4A95-B245-7A33A9942CC7} = {16D6FBA2-9CFB-4A95-B245-7A33A9942CC7}
		{21B26EC2-54A0-43F9-BECD-0990A2B15604} = {21B26EC2-54A0-43F9-BECD-0990A2B15604}
		{4181B9C4-1EAF-4070-8571-2EE25475547E} = {4181B9C4-1EAF-4070-8571-2EE25475547E}
	EndProjectSection
EndProject
Project("{FAE04EC0-301F-11D3-BF4B-00C04F79EFBC}") = "Niteco.Common", "Niteco.Common\Niteco.Common.csproj", "{21B26EC2-54A0-43F9-BECD-0990A2B15604}"
EndProject
Project("{FAE04EC0-301F-11D3-BF4B-00C04F79EFBC}") = "Niteco.ContentTypes", "Niteco.ContentTypes\Niteco.ContentTypes.csproj", "{A679FB5B-C91C-451A-A28A-5DFF85411CF3}"
EndProject
Project("{FAE04EC0-301F-11D3-BF4B-00C04F79EFBC}") = "Niteco.Search", "Niteco.Search\Niteco.Search.csproj", "{C0ED596B-53DF-4BFF-9643-C4C5E7626993}"
EndProject
Project("{FAE04EC0-301F-11D3-BF4B-00C04F79EFBC}") = "ImageResizer", "ImageResizer\ImageResizer.csproj", "{FA5EF673-A6A4-498D-AA24-C025CC5267AF}"
EndProject
Project("{FAE04EC0-301F-11D3-BF4B-00C04F79EFBC}") = "Niteco.Search.IndexingService", "Niteco.Search.IndexingService\Niteco.Search.IndexingService.csproj", "{52E0A232-1593-480E-BA08-DCD10FFD07A9}"
EndProject
Project("{FAE04EC0-301F-11D3-BF4B-00C04F79EFBC}") = "ImageResizer.Mvc", "ImageResizer.Mvc\ImageResizer.Mvc.csproj", "{4181B9C4-1EAF-4070-8571-2EE25475547E}"
EndProject
Project("{FAE04EC0-301F-11D3-BF4B-00C04F79EFBC}") = "ImageResizer.Plugins", "ImageResizer.Plugins\ImageResizer.Plugins.csproj", "{16D6FBA2-9CFB-4A95-B245-7A33A9942CC7}"
EndProject
Project("{FAE04EC0-301F-11D3-BF4B-00C04F79EFBC}") = "Niteco.Cdn", "Niteco.Cdn\Niteco.Cdn.csproj", "{415D5E0F-7F53-4722-930D-487963225904}"
EndProject
Global
	GlobalSection(SolutionConfigurationPlatforms) = preSolution
		Debug|Any CPU = Debug|Any CPU
		Release|Any CPU = Release|Any CPU
		Test|Any CPU = Test|Any CPU
	EndGlobalSection
	GlobalSection(ProjectConfigurationPlatforms) = postSolution
		{F00857F3-4A0E-4050-AD33-ACF6AAF5369A}.Debug|Any CPU.ActiveCfg = Debug|Any CPU
		{F00857F3-4A0E-4050-AD33-ACF6AAF5369A}.Debug|Any CPU.Build.0 = Debug|Any CPU
		{F00857F3-4A0E-4050-AD33-ACF6AAF5369A}.Release|Any CPU.ActiveCfg = Release|Any CPU
		{F00857F3-4A0E-4050-AD33-ACF6AAF5369A}.Release|Any CPU.Build.0 = Release|Any CPU
		{F00857F3-4A0E-4050-AD33-ACF6AAF5369A}.Test|Any CPU.ActiveCfg = Test|Any CPU
		{F00857F3-4A0E-4050-AD33-ACF6AAF5369A}.Test|Any CPU.Build.0 = Test|Any CPU
		{21B26EC2-54A0-43F9-BECD-0990A2B15604}.Debug|Any CPU.ActiveCfg = Debug|Any CPU
		{21B26EC2-54A0-43F9-BECD-0990A2B15604}.Debug|Any CPU.Build.0 = Debug|Any CPU
		{21B26EC2-54A0-43F9-BECD-0990A2B15604}.Release|Any CPU.ActiveCfg = Release|Any CPU
		{21B26EC2-54A0-43F9-BECD-0990A2B15604}.Release|Any CPU.Build.0 = Release|Any CPU
		{21B26EC2-54A0-43F9-BECD-0990A2B15604}.Test|Any CPU.ActiveCfg = Test|Any CPU
		{21B26EC2-54A0-43F9-BECD-0990A2B15604}.Test|Any CPU.Build.0 = Test|Any CPU
		{A679FB5B-C91C-451A-A28A-5DFF85411CF3}.Debug|Any CPU.ActiveCfg = Debug|Any CPU
		{A679FB5B-C91C-451A-A28A-5DFF85411CF3}.Debug|Any CPU.Build.0 = Debug|Any CPU
		{A679FB5B-C91C-451A-A28A-5DFF85411CF3}.Release|Any CPU.ActiveCfg = Release|Any CPU
		{A679FB5B-C91C-451A-A28A-5DFF85411CF3}.Release|Any CPU.Build.0 = Release|Any CPU
		{A679FB5B-C91C-451A-A28A-5DFF85411CF3}.Test|Any CPU.ActiveCfg = Test|Any CPU
		{A679FB5B-C91C-451A-A28A-5DFF85411CF3}.Test|Any CPU.Build.0 = Test|Any CPU
		{C0ED596B-53DF-4BFF-9643-C4C5E7626993}.Debug|Any CPU.ActiveCfg = Debug|Any CPU
		{C0ED596B-53DF-4BFF-9643-C4C5E7626993}.Debug|Any CPU.Build.0 = Debug|Any CPU
		{C0ED596B-53DF-4BFF-9643-C4C5E7626993}.Release|Any CPU.ActiveCfg = Release|Any CPU
		{C0ED596B-53DF-4BFF-9643-C4C5E7626993}.Release|Any CPU.Build.0 = Release|Any CPU
		{C0ED596B-53DF-4BFF-9643-C4C5E7626993}.Test|Any CPU.ActiveCfg = Test|Any CPU
		{C0ED596B-53DF-4BFF-9643-C4C5E7626993}.Test|Any CPU.Build.0 = Test|Any CPU
		{FA5EF673-A6A4-498D-AA24-C025CC5267AF}.Debug|Any CPU.ActiveCfg = Debug|Any CPU
		{FA5EF673-A6A4-498D-AA24-C025CC5267AF}.Debug|Any CPU.Build.0 = Debug|Any CPU
		{FA5EF673-A6A4-498D-AA24-C025CC5267AF}.Release|Any CPU.ActiveCfg = Release|Any CPU
		{FA5EF673-A6A4-498D-AA24-C025CC5267AF}.Release|Any CPU.Build.0 = Release|Any CPU
		{FA5EF673-A6A4-498D-AA24-C025CC5267AF}.Test|Any CPU.ActiveCfg = Test|Any CPU
		{FA5EF673-A6A4-498D-AA24-C025CC5267AF}.Test|Any CPU.Build.0 = Test|Any CPU
		{52E0A232-1593-480E-BA08-DCD10FFD07A9}.Debug|Any CPU.ActiveCfg = Debug|Any CPU
		{52E0A232-1593-480E-BA08-DCD10FFD07A9}.Debug|Any CPU.Build.0 = Debug|Any CPU
		{52E0A232-1593-480E-BA08-DCD10FFD07A9}.Release|Any CPU.ActiveCfg = Release|Any CPU
		{52E0A232-1593-480E-BA08-DCD10FFD07A9}.Release|Any CPU.Build.0 = Release|Any CPU
		{52E0A232-1593-480E-BA08-DCD10FFD07A9}.Test|Any CPU.ActiveCfg = Test|Any CPU
		{52E0A232-1593-480E-BA08-DCD10FFD07A9}.Test|Any CPU.Build.0 = Test|Any CPU
		{4181B9C4-1EAF-4070-8571-2EE25475547E}.Debug|Any CPU.ActiveCfg = Debug|Any CPU
		{4181B9C4-1EAF-4070-8571-2EE25475547E}.Debug|Any CPU.Build.0 = Debug|Any CPU
		{4181B9C4-1EAF-4070-8571-2EE25475547E}.Release|Any CPU.ActiveCfg = Release|Any CPU
		{4181B9C4-1EAF-4070-8571-2EE25475547E}.Release|Any CPU.Build.0 = Release|Any CPU
		{4181B9C4-1EAF-4070-8571-2EE25475547E}.Test|Any CPU.ActiveCfg = Test|Any CPU
		{4181B9C4-1EAF-4070-8571-2EE25475547E}.Test|Any CPU.Build.0 = Test|Any CPU
		{16D6FBA2-9CFB-4A95-B245-7A33A9942CC7}.Debug|Any CPU.ActiveCfg = Debug|Any CPU
		{16D6FBA2-9CFB-4A95-B245-7A33A9942CC7}.Debug|Any CPU.Build.0 = Debug|Any CPU
		{16D6FBA2-9CFB-4A95-B245-7A33A9942CC7}.Release|Any CPU.ActiveCfg = Release|Any CPU
		{16D6FBA2-9CFB-4A95-B245-7A33A9942CC7}.Release|Any CPU.Build.0 = Release|Any CPU
		{16D6FBA2-9CFB-4A95-B245-7A33A9942CC7}.Test|Any CPU.ActiveCfg = Test|Any CPU
		{16D6FBA2-9CFB-4A95-B245-7A33A9942CC7}.Test|Any CPU.Build.0 = Test|Any CPU
		{415D5E0F-7F53-4722-930D-487963225904}.Debug|Any CPU.ActiveCfg = Debug|Any CPU
		{415D5E0F-7F53-4722-930D-487963225904}.Debug|Any CPU.Build.0 = Debug|Any CPU
		{415D5E0F-7F53-4722-930D-487963225904}.Release|Any CPU.ActiveCfg = Release|Any CPU
		{415D5E0F-7F53-4722-930D-487963225904}.Release|Any CPU.Build.0 = Release|Any CPU
		{415D5E0F-7F53-4722-930D-487963225904}.Test|Any CPU.ActiveCfg = Test|Any CPU
		{415D5E0F-7F53-4722-930D-487963225904}.Test|Any CPU.Build.0 = Test|Any CPU
	EndGlobalSection
	GlobalSection(SolutionProperties) = preSolution
		HideSolutionNode = FALSE
	EndGlobalSection
EndGlobal
